// !$*UTF8*$!
{
	archiveVersion = 1;
	classes = {
	};
	objectVersion = 51;
	objects = {

/* Begin PBXBuildFile section */
		4BBA7EB561F1B11CA0CDA82F /* Pods_CULaundry.framework in Frameworks */ = {isa = PBXBuildFile; fileRef = E59EB3B1F0F33EAFF49C8E44 /* Pods_CULaundry.framework */; };
		6DF40013263C61D300F14B8A /* Roboto-Regular.ttf in Resources */ = {isa = PBXBuildFile; fileRef = 6DF40007263C61D300F14B8A /* Roboto-Regular.ttf */; };
		6DF40014263C61D300F14B8A /* Roboto-Thin.ttf in Resources */ = {isa = PBXBuildFile; fileRef = 6DF40008263C61D300F14B8A /* Roboto-Thin.ttf */; };
		6DF40015263C61D300F14B8A /* Roboto-Medium.ttf in Resources */ = {isa = PBXBuildFile; fileRef = 6DF40009263C61D300F14B8A /* Roboto-Medium.ttf */; };
		6DF40016263C61D300F14B8A /* Roboto-BoldItalic.ttf in Resources */ = {isa = PBXBuildFile; fileRef = 6DF4000A263C61D300F14B8A /* Roboto-BoldItalic.ttf */; };
		6DF40017263C61D300F14B8A /* Roboto-BlackItalic.ttf in Resources */ = {isa = PBXBuildFile; fileRef = 6DF4000B263C61D300F14B8A /* Roboto-BlackItalic.ttf */; };
		6DF40018263C61D300F14B8A /* Roboto-LightItalic.ttf in Resources */ = {isa = PBXBuildFile; fileRef = 6DF4000C263C61D300F14B8A /* Roboto-LightItalic.ttf */; };
		6DF40019263C61D300F14B8A /* Roboto-Black.ttf in Resources */ = {isa = PBXBuildFile; fileRef = 6DF4000D263C61D300F14B8A /* Roboto-Black.ttf */; };
		6DF4001A263C61D300F14B8A /* Roboto-Italic.ttf in Resources */ = {isa = PBXBuildFile; fileRef = 6DF4000E263C61D300F14B8A /* Roboto-Italic.ttf */; };
		6DF4001B263C61D300F14B8A /* Roboto-ThinItalic.ttf in Resources */ = {isa = PBXBuildFile; fileRef = 6DF4000F263C61D300F14B8A /* Roboto-ThinItalic.ttf */; };
		6DF4001C263C61D300F14B8A /* Roboto-Bold.ttf in Resources */ = {isa = PBXBuildFile; fileRef = 6DF40010263C61D300F14B8A /* Roboto-Bold.ttf */; };
		6DF4001D263C61D300F14B8A /* Roboto-MediumItalic.ttf in Resources */ = {isa = PBXBuildFile; fileRef = 6DF40011263C61D300F14B8A /* Roboto-MediumItalic.ttf */; };
		6DF4001E263C61D300F14B8A /* Roboto-Light.ttf in Resources */ = {isa = PBXBuildFile; fileRef = 6DF40012263C61D300F14B8A /* Roboto-Light.ttf */; };
		6DF40020263DE6FD00F14B8A /* SettingsViewController.swift in Sources */ = {isa = PBXBuildFile; fileRef = 6DF4001F263DE6FD00F14B8A /* SettingsViewController.swift */; };
		6DF40022263DEE6A00F14B8A /* SettingsTableViewCell.swift in Sources */ = {isa = PBXBuildFile; fileRef = 6DF40021263DEE6A00F14B8A /* SettingsTableViewCell.swift */; };
		6DF40024263E03A200F14B8A /* SettingsTableHeaderView.swift in Sources */ = {isa = PBXBuildFile; fileRef = 6DF40023263E03A200F14B8A /* SettingsTableHeaderView.swift */; };
		6DF40028264222D300F14B8A /* LaundryRoomCollectionViewCell.swift in Sources */ = {isa = PBXBuildFile; fileRef = 6DF40027264222D300F14B8A /* LaundryRoomCollectionViewCell.swift */; };
		6DF4002B2642241900F14B8A /* LaundryRoomHeaderView.swift in Sources */ = {isa = PBXBuildFile; fileRef = 6DF4002A2642241900F14B8A /* LaundryRoomHeaderView.swift */; };
		6DF4002E2643332400F14B8A /* LaundryRoom.swift in Sources */ = {isa = PBXBuildFile; fileRef = 6DF4002D2643332400F14B8A /* LaundryRoom.swift */; };
		6DF400302643361700F14B8A /* LaundryMachine.swift in Sources */ = {isa = PBXBuildFile; fileRef = 6DF4002F2643361700F14B8A /* LaundryMachine.swift */; };
		6DF40032264339BC00F14B8A /* NetworkManager.swift in Sources */ = {isa = PBXBuildFile; fileRef = 6DF40031264339BC00F14B8A /* NetworkManager.swift */; };
		6DF400352645DC4500F14B8A /* LaundryRoomViewController.swift in Sources */ = {isa = PBXBuildFile; fileRef = 6DF400342645DC4500F14B8A /* LaundryRoomViewController.swift */; };
		6DF400372645E26400F14B8A /* Responses.swift in Sources */ = {isa = PBXBuildFile; fileRef = 6DF400362645E26400F14B8A /* Responses.swift */; };
		6DF400392649CCB900F14B8A /* MachineCollectionViewCell.swift in Sources */ = {isa = PBXBuildFile; fileRef = 6DF400382649CCB900F14B8A /* MachineCollectionViewCell.swift */; };
		6DF4003C2649D7F600F14B8A /* MachineHeaderView.swift in Sources */ = {isa = PBXBuildFile; fileRef = 6DF4003B2649D7F600F14B8A /* MachineHeaderView.swift */; };
		6DF4003E264A337400F14B8A /* Secrets.swift in Sources */ = {isa = PBXBuildFile; fileRef = 6DF4003D264A337400F14B8A /* Secrets.swift */; };
		6DF4FFF2263C57AB00F14B8A /* AppDelegate.swift in Sources */ = {isa = PBXBuildFile; fileRef = 6DF4FFF1263C57AB00F14B8A /* AppDelegate.swift */; };
		6DF4FFF4263C57AB00F14B8A /* SceneDelegate.swift in Sources */ = {isa = PBXBuildFile; fileRef = 6DF4FFF3263C57AB00F14B8A /* SceneDelegate.swift */; };
		6DF4FFF6263C57AB00F14B8A /* ViewController.swift in Sources */ = {isa = PBXBuildFile; fileRef = 6DF4FFF5263C57AB00F14B8A /* ViewController.swift */; };
		6DF4FFF9263C57AB00F14B8A /* Main.storyboard in Resources */ = {isa = PBXBuildFile; fileRef = 6DF4FFF7263C57AB00F14B8A /* Main.storyboard */; };
		6DF4FFFB263C57AD00F14B8A /* Assets.xcassets in Resources */ = {isa = PBXBuildFile; fileRef = 6DF4FFFA263C57AD00F14B8A /* Assets.xcassets */; };
		6DF4FFFE263C57AD00F14B8A /* LaunchScreen.storyboard in Resources */ = {isa = PBXBuildFile; fileRef = 6DF4FFFC263C57AD00F14B8A /* LaunchScreen.storyboard */; };
/* End PBXBuildFile section */

/* Begin PBXFileReference section */
		6DF40007263C61D300F14B8A /* Roboto-Regular.ttf */ = {isa = PBXFileReference; lastKnownFileType = file; path = "Roboto-Regular.ttf"; sourceTree = "<group>"; };
		6DF40008263C61D300F14B8A /* Roboto-Thin.ttf */ = {isa = PBXFileReference; lastKnownFileType = file; path = "Roboto-Thin.ttf"; sourceTree = "<group>"; };
		6DF40009263C61D300F14B8A /* Roboto-Medium.ttf */ = {isa = PBXFileReference; lastKnownFileType = file; path = "Roboto-Medium.ttf"; sourceTree = "<group>"; };
		6DF4000A263C61D300F14B8A /* Roboto-BoldItalic.ttf */ = {isa = PBXFileReference; lastKnownFileType = file; path = "Roboto-BoldItalic.ttf"; sourceTree = "<group>"; };
		6DF4000B263C61D300F14B8A /* Roboto-BlackItalic.ttf */ = {isa = PBXFileReference; lastKnownFileType = file; path = "Roboto-BlackItalic.ttf"; sourceTree = "<group>"; };
		6DF4000C263C61D300F14B8A /* Roboto-LightItalic.ttf */ = {isa = PBXFileReference; lastKnownFileType = file; path = "Roboto-LightItalic.ttf"; sourceTree = "<group>"; };
		6DF4000D263C61D300F14B8A /* Roboto-Black.ttf */ = {isa = PBXFileReference; lastKnownFileType = file; path = "Roboto-Black.ttf"; sourceTree = "<group>"; };
		6DF4000E263C61D300F14B8A /* Roboto-Italic.ttf */ = {isa = PBXFileReference; lastKnownFileType = file; path = "Roboto-Italic.ttf"; sourceTree = "<group>"; };
		6DF4000F263C61D300F14B8A /* Roboto-ThinItalic.ttf */ = {isa = PBXFileReference; lastKnownFileType = file; path = "Roboto-ThinItalic.ttf"; sourceTree = "<group>"; };
		6DF40010263C61D300F14B8A /* Roboto-Bold.ttf */ = {isa = PBXFileReference; lastKnownFileType = file; path = "Roboto-Bold.ttf"; sourceTree = "<group>"; };
		6DF40011263C61D300F14B8A /* Roboto-MediumItalic.ttf */ = {isa = PBXFileReference; lastKnownFileType = file; path = "Roboto-MediumItalic.ttf"; sourceTree = "<group>"; };
		6DF40012263C61D300F14B8A /* Roboto-Light.ttf */ = {isa = PBXFileReference; lastKnownFileType = file; path = "Roboto-Light.ttf"; sourceTree = "<group>"; };
		6DF4001F263DE6FD00F14B8A /* SettingsViewController.swift */ = {isa = PBXFileReference; lastKnownFileType = sourcecode.swift; path = SettingsViewController.swift; sourceTree = "<group>"; };
		6DF40021263DEE6A00F14B8A /* SettingsTableViewCell.swift */ = {isa = PBXFileReference; lastKnownFileType = sourcecode.swift; path = SettingsTableViewCell.swift; sourceTree = "<group>"; };
		6DF40023263E03A200F14B8A /* SettingsTableHeaderView.swift */ = {isa = PBXFileReference; lastKnownFileType = sourcecode.swift; path = SettingsTableHeaderView.swift; sourceTree = "<group>"; };
		6DF40027264222D300F14B8A /* LaundryRoomCollectionViewCell.swift */ = {isa = PBXFileReference; lastKnownFileType = sourcecode.swift; path = LaundryRoomCollectionViewCell.swift; sourceTree = "<group>"; };
		6DF4002A2642241900F14B8A /* LaundryRoomHeaderView.swift */ = {isa = PBXFileReference; lastKnownFileType = sourcecode.swift; path = LaundryRoomHeaderView.swift; sourceTree = "<group>"; };
		6DF4002D2643332400F14B8A /* LaundryRoom.swift */ = {isa = PBXFileReference; lastKnownFileType = sourcecode.swift; path = LaundryRoom.swift; sourceTree = "<group>"; };
		6DF4002F2643361700F14B8A /* LaundryMachine.swift */ = {isa = PBXFileReference; lastKnownFileType = sourcecode.swift; path = LaundryMachine.swift; sourceTree = "<group>"; };
		6DF40031264339BC00F14B8A /* NetworkManager.swift */ = {isa = PBXFileReference; lastKnownFileType = sourcecode.swift; path = NetworkManager.swift; sourceTree = "<group>"; };
		6DF400342645DC4500F14B8A /* LaundryRoomViewController.swift */ = {isa = PBXFileReference; lastKnownFileType = sourcecode.swift; path = LaundryRoomViewController.swift; sourceTree = "<group>"; };
		6DF400362645E26400F14B8A /* Responses.swift */ = {isa = PBXFileReference; lastKnownFileType = sourcecode.swift; path = Responses.swift; sourceTree = "<group>"; };
		6DF400382649CCB900F14B8A /* MachineCollectionViewCell.swift */ = {isa = PBXFileReference; lastKnownFileType = sourcecode.swift; path = MachineCollectionViewCell.swift; sourceTree = "<group>"; };
		6DF4003B2649D7F600F14B8A /* MachineHeaderView.swift */ = {isa = PBXFileReference; lastKnownFileType = sourcecode.swift; path = MachineHeaderView.swift; sourceTree = "<group>"; };
		6DF4003D264A337400F14B8A /* Secrets.swift */ = {isa = PBXFileReference; lastKnownFileType = sourcecode.swift; path = Secrets.swift; sourceTree = "<group>"; };
		6DF4FFEE263C57AB00F14B8A /* CULaundry.app */ = {isa = PBXFileReference; explicitFileType = wrapper.application; includeInIndex = 0; path = CULaundry.app; sourceTree = BUILT_PRODUCTS_DIR; };
		6DF4FFF1263C57AB00F14B8A /* AppDelegate.swift */ = {isa = PBXFileReference; lastKnownFileType = sourcecode.swift; path = AppDelegate.swift; sourceTree = "<group>"; };
		6DF4FFF3263C57AB00F14B8A /* SceneDelegate.swift */ = {isa = PBXFileReference; lastKnownFileType = sourcecode.swift; path = SceneDelegate.swift; sourceTree = "<group>"; };
		6DF4FFF5263C57AB00F14B8A /* ViewController.swift */ = {isa = PBXFileReference; lastKnownFileType = sourcecode.swift; path = ViewController.swift; sourceTree = "<group>"; };
		6DF4FFF8263C57AB00F14B8A /* Base */ = {isa = PBXFileReference; lastKnownFileType = file.storyboard; name = Base; path = Base.lproj/Main.storyboard; sourceTree = "<group>"; };
		6DF4FFFA263C57AD00F14B8A /* Assets.xcassets */ = {isa = PBXFileReference; lastKnownFileType = folder.assetcatalog; path = Assets.xcassets; sourceTree = "<group>"; };
		6DF4FFFD263C57AD00F14B8A /* Base */ = {isa = PBXFileReference; lastKnownFileType = file.storyboard; name = Base; path = Base.lproj/LaunchScreen.storyboard; sourceTree = "<group>"; };
		6DF4FFFF263C57AD00F14B8A /* Info.plist */ = {isa = PBXFileReference; lastKnownFileType = text.plist.xml; path = Info.plist; sourceTree = "<group>"; };
		C7E61836F5089633A93994B2 /* Pods-CULaundry.debug.xcconfig */ = {isa = PBXFileReference; includeInIndex = 1; lastKnownFileType = text.xcconfig; name = "Pods-CULaundry.debug.xcconfig"; path = "Target Support Files/Pods-CULaundry/Pods-CULaundry.debug.xcconfig"; sourceTree = "<group>"; };
		E59EB3B1F0F33EAFF49C8E44 /* Pods_CULaundry.framework */ = {isa = PBXFileReference; explicitFileType = wrapper.framework; includeInIndex = 0; path = Pods_CULaundry.framework; sourceTree = BUILT_PRODUCTS_DIR; };
		F9C6B764BAC41D3398BA7B79 /* Pods-CULaundry.release.xcconfig */ = {isa = PBXFileReference; includeInIndex = 1; lastKnownFileType = text.xcconfig; name = "Pods-CULaundry.release.xcconfig"; path = "Target Support Files/Pods-CULaundry/Pods-CULaundry.release.xcconfig"; sourceTree = "<group>"; };
/* End PBXFileReference section */

/* Begin PBXFrameworksBuildPhase section */
		6DF4FFEB263C57AB00F14B8A /* Frameworks */ = {
			isa = PBXFrameworksBuildPhase;
			buildActionMask = 2147483647;
			files = (
				4BBA7EB561F1B11CA0CDA82F /* Pods_CULaundry.framework in Frameworks */,
			);
			runOnlyForDeploymentPostprocessing = 0;
		};
/* End PBXFrameworksBuildPhase section */

/* Begin PBXGroup section */
		6CBDEB993126F8F867E9718B /* Frameworks */ = {
			isa = PBXGroup;
			children = (
				E59EB3B1F0F33EAFF49C8E44 /* Pods_CULaundry.framework */,
			);
			name = Frameworks;
			sourceTree = "<group>";
		};
		6DF40006263C611400F14B8A /* Fonts */ = {
			isa = PBXGroup;
			children = (
				6DF4000D263C61D300F14B8A /* Roboto-Black.ttf */,
				6DF4000B263C61D300F14B8A /* Roboto-BlackItalic.ttf */,
				6DF40010263C61D300F14B8A /* Roboto-Bold.ttf */,
				6DF4000A263C61D300F14B8A /* Roboto-BoldItalic.ttf */,
				6DF4000E263C61D300F14B8A /* Roboto-Italic.ttf */,
				6DF40012263C61D300F14B8A /* Roboto-Light.ttf */,
				6DF4000C263C61D300F14B8A /* Roboto-LightItalic.ttf */,
				6DF40009263C61D300F14B8A /* Roboto-Medium.ttf */,
				6DF40011263C61D300F14B8A /* Roboto-MediumItalic.ttf */,
				6DF40007263C61D300F14B8A /* Roboto-Regular.ttf */,
				6DF40008263C61D300F14B8A /* Roboto-Thin.ttf */,
				6DF4000F263C61D300F14B8A /* Roboto-ThinItalic.ttf */,
			);
			path = Fonts;
			sourceTree = "<group>";
		};
		6DF40026264119BA00F14B8A /* SettingsView */ = {
			isa = PBXGroup;
			children = (
				6DF4001F263DE6FD00F14B8A /* SettingsViewController.swift */,
				6DF40021263DEE6A00F14B8A /* SettingsTableViewCell.swift */,
				6DF40023263E03A200F14B8A /* SettingsTableHeaderView.swift */,
			);
			path = SettingsView;
			sourceTree = "<group>";
		};
		6DF4002C264332FB00F14B8A /* Codables */ = {
			isa = PBXGroup;
			children = (
				6DF4002D2643332400F14B8A /* LaundryRoom.swift */,
				6DF4002F2643361700F14B8A /* LaundryMachine.swift */,
				6DF400362645E26400F14B8A /* Responses.swift */,
			);
			path = Codables;
			sourceTree = "<group>";
		};
		6DF400332645DC2900F14B8A /* LaundryRoomView */ = {
			isa = PBXGroup;
			children = (
				6DF400342645DC4500F14B8A /* LaundryRoomViewController.swift */,
				6DF400382649CCB900F14B8A /* MachineCollectionViewCell.swift */,
				6DF4003B2649D7F600F14B8A /* MachineHeaderView.swift */,
			);
			path = LaundryRoomView;
			sourceTree = "<group>";
		};
		6DF4FFE5263C57AB00F14B8A = {
			isa = PBXGroup;
			children = (
				6DF4FFF0263C57AB00F14B8A /* CULaundry */,
				6DF4FFEF263C57AB00F14B8A /* Products */,
				FB94F3FAE3602932DB88BBD0 /* Pods */,
				6CBDEB993126F8F867E9718B /* Frameworks */,
			);
			sourceTree = "<group>";
		};
		6DF4FFEF263C57AB00F14B8A /* Products */ = {
			isa = PBXGroup;
			children = (
				6DF4FFEE263C57AB00F14B8A /* CULaundry.app */,
			);
			name = Products;
			sourceTree = "<group>";
		};
		6DF4FFF0263C57AB00F14B8A /* CULaundry */ = {
			isa = PBXGroup;
			children = (
				6DF4003D264A337400F14B8A /* Secrets.swift */,
				6DF4FFF1263C57AB00F14B8A /* AppDelegate.swift */,
				6DF4FFF3263C57AB00F14B8A /* SceneDelegate.swift */,
				6DF4FFF5263C57AB00F14B8A /* ViewController.swift */,
				6DF40027264222D300F14B8A /* LaundryRoomCollectionViewCell.swift */,
				6DF4002A2642241900F14B8A /* LaundryRoomHeaderView.swift */,
				6DF40031264339BC00F14B8A /* NetworkManager.swift */,
				6DF400332645DC2900F14B8A /* LaundryRoomView */,
				6DF4002C264332FB00F14B8A /* Codables */,
				6DF40026264119BA00F14B8A /* SettingsView */,
				6DF4FFF7263C57AB00F14B8A /* Main.storyboard */,
				6DF4FFFA263C57AD00F14B8A /* Assets.xcassets */,
				6DF4FFFC263C57AD00F14B8A /* LaunchScreen.storyboard */,
				6DF4FFFF263C57AD00F14B8A /* Info.plist */,
				6DF40006263C611400F14B8A /* Fonts */,
			);
			path = CULaundry;
			sourceTree = "<group>";
		};
		FB94F3FAE3602932DB88BBD0 /* Pods */ = {
			isa = PBXGroup;
			children = (
				C7E61836F5089633A93994B2 /* Pods-CULaundry.debug.xcconfig */,
				F9C6B764BAC41D3398BA7B79 /* Pods-CULaundry.release.xcconfig */,
			);
			path = Pods;
			sourceTree = "<group>";
		};
/* End PBXGroup section */

/* Begin PBXNativeTarget section */
		6DF4FFED263C57AB00F14B8A /* CULaundry */ = {
			isa = PBXNativeTarget;
			buildConfigurationList = 6DF40002263C57AD00F14B8A /* Build configuration list for PBXNativeTarget "CULaundry" */;
			buildPhases = (
				FCB7986F882D6158787B0F22 /* [CP] Check Pods Manifest.lock */,
				6DF4FFEA263C57AB00F14B8A /* Sources */,
				6DF4FFEB263C57AB00F14B8A /* Frameworks */,
				6DF4FFEC263C57AB00F14B8A /* Resources */,
				309F8C649CDDCF4099FB056D /* [CP] Embed Pods Frameworks */,
			);
			buildRules = (
			);
			dependencies = (
			);
			name = CULaundry;
			productName = CULaundry;
			productReference = 6DF4FFEE263C57AB00F14B8A /* CULaundry.app */;
			productType = "com.apple.product-type.application";
		};
/* End PBXNativeTarget section */

/* Begin PBXProject section */
		6DF4FFE6263C57AB00F14B8A /* Project object */ = {
			isa = PBXProject;
			attributes = {
				LastSwiftUpdateCheck = 1250;
				LastUpgradeCheck = 1250;
				TargetAttributes = {
					6DF4FFED263C57AB00F14B8A = {
						CreatedOnToolsVersion = 12.5;
					};
				};
			};
			buildConfigurationList = 6DF4FFE9263C57AB00F14B8A /* Build configuration list for PBXProject "CULaundry" */;
			compatibilityVersion = "Xcode 9.3";
			developmentRegion = en;
			hasScannedForEncodings = 0;
			knownRegions = (
				en,
				Base,
			);
			mainGroup = 6DF4FFE5263C57AB00F14B8A;
			productRefGroup = 6DF4FFEF263C57AB00F14B8A /* Products */;
			projectDirPath = "";
			projectRoot = "";
			targets = (
				6DF4FFED263C57AB00F14B8A /* CULaundry */,
			);
		};
/* End PBXProject section */

/* Begin PBXResourcesBuildPhase section */
		6DF4FFEC263C57AB00F14B8A /* Resources */ = {
			isa = PBXResourcesBuildPhase;
			buildActionMask = 2147483647;
			files = (
				6DF4001B263C61D300F14B8A /* Roboto-ThinItalic.ttf in Resources */,
				6DF4001C263C61D300F14B8A /* Roboto-Bold.ttf in Resources */,
				6DF4001E263C61D300F14B8A /* Roboto-Light.ttf in Resources */,
				6DF4FFFE263C57AD00F14B8A /* LaunchScreen.storyboard in Resources */,
				6DF4FFFB263C57AD00F14B8A /* Assets.xcassets in Resources */,
				6DF4001D263C61D300F14B8A /* Roboto-MediumItalic.ttf in Resources */,
				6DF40015263C61D300F14B8A /* Roboto-Medium.ttf in Resources */,
				6DF40013263C61D300F14B8A /* Roboto-Regular.ttf in Resources */,
				6DF40014263C61D300F14B8A /* Roboto-Thin.ttf in Resources */,
				6DF40018263C61D300F14B8A /* Roboto-LightItalic.ttf in Resources */,
				6DF40016263C61D300F14B8A /* Roboto-BoldItalic.ttf in Resources */,
				6DF40019263C61D300F14B8A /* Roboto-Black.ttf in Resources */,
				6DF4FFF9263C57AB00F14B8A /* Main.storyboard in Resources */,
				6DF4001A263C61D300F14B8A /* Roboto-Italic.ttf in Resources */,
				6DF40017263C61D300F14B8A /* Roboto-BlackItalic.ttf in Resources */,
			);
			runOnlyForDeploymentPostprocessing = 0;
		};
/* End PBXResourcesBuildPhase section */

/* Begin PBXShellScriptBuildPhase section */
		309F8C649CDDCF4099FB056D /* [CP] Embed Pods Frameworks */ = {
			isa = PBXShellScriptBuildPhase;
			buildActionMask = 2147483647;
			files = (
			);
			inputFileListPaths = (
				"${PODS_ROOT}/Target Support Files/Pods-CULaundry/Pods-CULaundry-frameworks-${CONFIGURATION}-input-files.xcfilelist",
			);
			name = "[CP] Embed Pods Frameworks";
			outputFileListPaths = (
				"${PODS_ROOT}/Target Support Files/Pods-CULaundry/Pods-CULaundry-frameworks-${CONFIGURATION}-output-files.xcfilelist",
			);
			runOnlyForDeploymentPostprocessing = 0;
			shellPath = /bin/sh;
			shellScript = "\"${PODS_ROOT}/Target Support Files/Pods-CULaundry/Pods-CULaundry-frameworks.sh\"\n";
			showEnvVarsInLog = 0;
		};
		FCB7986F882D6158787B0F22 /* [CP] Check Pods Manifest.lock */ = {
			isa = PBXShellScriptBuildPhase;
			buildActionMask = 2147483647;
			files = (
			);
			inputFileListPaths = (
			);
			inputPaths = (
				"${PODS_PODFILE_DIR_PATH}/Podfile.lock",
				"${PODS_ROOT}/Manifest.lock",
			);
			name = "[CP] Check Pods Manifest.lock";
			outputFileListPaths = (
			);
			outputPaths = (
				"$(DERIVED_FILE_DIR)/Pods-CULaundry-checkManifestLockResult.txt",
			);
			runOnlyForDeploymentPostprocessing = 0;
			shellPath = /bin/sh;
			shellScript = "diff \"${PODS_PODFILE_DIR_PATH}/Podfile.lock\" \"${PODS_ROOT}/Manifest.lock\" > /dev/null\nif [ $? != 0 ] ; then\n    # print error to STDERR\n    echo \"error: The sandbox is not in sync with the Podfile.lock. Run 'pod install' or update your CocoaPods installation.\" >&2\n    exit 1\nfi\n# This output is used by Xcode 'outputs' to avoid re-running this script phase.\necho \"SUCCESS\" > \"${SCRIPT_OUTPUT_FILE_0}\"\n";
			showEnvVarsInLog = 0;
		};
/* End PBXShellScriptBuildPhase section */

/* Begin PBXSourcesBuildPhase section */
		6DF4FFEA263C57AB00F14B8A /* Sources */ = {
			isa = PBXSourcesBuildPhase;
			buildActionMask = 2147483647;
			files = (
				6DF40028264222D300F14B8A /* LaundryRoomCollectionViewCell.swift in Sources */,
				6DF4003E264A337400F14B8A /* Secrets.swift in Sources */,
				6DF4FFF6263C57AB00F14B8A /* ViewController.swift in Sources */,
				6DF4002E2643332400F14B8A /* LaundryRoom.swift in Sources */,
				6DF4FFF2263C57AB00F14B8A /* AppDelegate.swift in Sources */,
				6DF400372645E26400F14B8A /* Responses.swift in Sources */,
				6DF4003C2649D7F600F14B8A /* MachineHeaderView.swift in Sources */,
				6DF40032264339BC00F14B8A /* NetworkManager.swift in Sources */,
				6DF4FFF4263C57AB00F14B8A /* SceneDelegate.swift in Sources */,
				6DF400352645DC4500F14B8A /* LaundryRoomViewController.swift in Sources */,
				6DF400302643361700F14B8A /* LaundryMachine.swift in Sources */,
				6DF40024263E03A200F14B8A /* SettingsTableHeaderView.swift in Sources */,
				6DF400392649CCB900F14B8A /* MachineCollectionViewCell.swift in Sources */,
				6DF40022263DEE6A00F14B8A /* SettingsTableViewCell.swift in Sources */,
				6DF4002B2642241900F14B8A /* LaundryRoomHeaderView.swift in Sources */,
				6DF40020263DE6FD00F14B8A /* SettingsViewController.swift in Sources */,
			);
			runOnlyForDeploymentPostprocessing = 0;
		};
/* End PBXSourcesBuildPhase section */

/* Begin PBXVariantGroup section */
		6DF4FFF7263C57AB00F14B8A /* Main.storyboard */ = {
			isa = PBXVariantGroup;
			children = (
				6DF4FFF8263C57AB00F14B8A /* Base */,
			);
			name = Main.storyboard;
			sourceTree = "<group>";
		};
		6DF4FFFC263C57AD00F14B8A /* LaunchScreen.storyboard */ = {
			isa = PBXVariantGroup;
			children = (
				6DF4FFFD263C57AD00F14B8A /* Base */,
			);
			name = LaunchScreen.storyboard;
			sourceTree = "<group>";
		};
/* End PBXVariantGroup section */

/* Begin XCBuildConfiguration section */
		6DF40000263C57AD00F14B8A /* Debug */ = {
			isa = XCBuildConfiguration;
			buildSettings = {
				ALWAYS_SEARCH_USER_PATHS = NO;
				CLANG_ANALYZER_NONNULL = YES;
				CLANG_ANALYZER_NUMBER_OBJECT_CONVERSION = YES_AGGRESSIVE;
				CLANG_CXX_LANGUAGE_STANDARD = "gnu++14";
				CLANG_CXX_LIBRARY = "libc++";
				CLANG_ENABLE_MODULES = YES;
				CLANG_ENABLE_OBJC_ARC = YES;
				CLANG_ENABLE_OBJC_WEAK = YES;
				CLANG_WARN_BLOCK_CAPTURE_AUTORELEASING = YES;
				CLANG_WARN_BOOL_CONVERSION = YES;
				CLANG_WARN_COMMA = YES;
				CLANG_WARN_CONSTANT_CONVERSION = YES;
				CLANG_WARN_DEPRECATED_OBJC_IMPLEMENTATIONS = YES;
				CLANG_WARN_DIRECT_OBJC_ISA_USAGE = YES_ERROR;
				CLANG_WARN_DOCUMENTATION_COMMENTS = YES;
				CLANG_WARN_EMPTY_BODY = YES;
				CLANG_WARN_ENUM_CONVERSION = YES;
				CLANG_WARN_INFINITE_RECURSION = YES;
				CLANG_WARN_INT_CONVERSION = YES;
				CLANG_WARN_NON_LITERAL_NULL_CONVERSION = YES;
				CLANG_WARN_OBJC_IMPLICIT_RETAIN_SELF = YES;
				CLANG_WARN_OBJC_LITERAL_CONVERSION = YES;
				CLANG_WARN_OBJC_ROOT_CLASS = YES_ERROR;
				CLANG_WARN_QUOTED_INCLUDE_IN_FRAMEWORK_HEADER = YES;
				CLANG_WARN_RANGE_LOOP_ANALYSIS = YES;
				CLANG_WARN_STRICT_PROTOTYPES = YES;
				CLANG_WARN_SUSPICIOUS_MOVE = YES;
				CLANG_WARN_UNGUARDED_AVAILABILITY = YES_AGGRESSIVE;
				CLANG_WARN_UNREACHABLE_CODE = YES;
				CLANG_WARN__DUPLICATE_METHOD_MATCH = YES;
				COPY_PHASE_STRIP = NO;
				DEBUG_INFORMATION_FORMAT = dwarf;
				ENABLE_STRICT_OBJC_MSGSEND = YES;
				ENABLE_TESTABILITY = YES;
				GCC_C_LANGUAGE_STANDARD = gnu11;
				GCC_DYNAMIC_NO_PIC = NO;
				GCC_NO_COMMON_BLOCKS = YES;
				GCC_OPTIMIZATION_LEVEL = 0;
				GCC_PREPROCESSOR_DEFINITIONS = (
					"DEBUG=1",
					"$(inherited)",
				);
				GCC_WARN_64_TO_32_BIT_CONVERSION = YES;
				GCC_WARN_ABOUT_RETURN_TYPE = YES_ERROR;
				GCC_WARN_UNDECLARED_SELECTOR = YES;
				GCC_WARN_UNINITIALIZED_AUTOS = YES_AGGRESSIVE;
				GCC_WARN_UNUSED_FUNCTION = YES;
				GCC_WARN_UNUSED_VARIABLE = YES;
				IPHONEOS_DEPLOYMENT_TARGET = 14.5;
				MTL_ENABLE_DEBUG_INFO = INCLUDE_SOURCE;
				MTL_FAST_MATH = YES;
				ONLY_ACTIVE_ARCH = YES;
				SDKROOT = iphoneos;
				SWIFT_ACTIVE_COMPILATION_CONDITIONS = DEBUG;
				SWIFT_OPTIMIZATION_LEVEL = "-Onone";
			};
			name = Debug;
		};
		6DF40001263C57AD00F14B8A /* Release */ = {
			isa = XCBuildConfiguration;
			buildSettings = {
				ALWAYS_SEARCH_USER_PATHS = NO;
				CLANG_ANALYZER_NONNULL = YES;
				CLANG_ANALYZER_NUMBER_OBJECT_CONVERSION = YES_AGGRESSIVE;
				CLANG_CXX_LANGUAGE_STANDARD = "gnu++14";
				CLANG_CXX_LIBRARY = "libc++";
				CLANG_ENABLE_MODULES = YES;
				CLANG_ENABLE_OBJC_ARC = YES;
				CLANG_ENABLE_OBJC_WEAK = YES;
				CLANG_WARN_BLOCK_CAPTURE_AUTORELEASING = YES;
				CLANG_WARN_BOOL_CONVERSION = YES;
				CLANG_WARN_COMMA = YES;
				CLANG_WARN_CONSTANT_CONVERSION = YES;
				CLANG_WARN_DEPRECATED_OBJC_IMPLEMENTATIONS = YES;
				CLANG_WARN_DIRECT_OBJC_ISA_USAGE = YES_ERROR;
				CLANG_WARN_DOCUMENTATION_COMMENTS = YES;
				CLANG_WARN_EMPTY_BODY = YES;
				CLANG_WARN_ENUM_CONVERSION = YES;
				CLANG_WARN_INFINITE_RECURSION = YES;
				CLANG_WARN_INT_CONVERSION = YES;
				CLANG_WARN_NON_LITERAL_NULL_CONVERSION = YES;
				CLANG_WARN_OBJC_IMPLICIT_RETAIN_SELF = YES;
				CLANG_WARN_OBJC_LITERAL_CONVERSION = YES;
				CLANG_WARN_OBJC_ROOT_CLASS = YES_ERROR;
				CLANG_WARN_QUOTED_INCLUDE_IN_FRAMEWORK_HEADER = YES;
				CLANG_WARN_RANGE_LOOP_ANALYSIS = YES;
				CLANG_WARN_STRICT_PROTOTYPES = YES;
				CLANG_WARN_SUSPICIOUS_MOVE = YES;
				CLANG_WARN_UNGUARDED_AVAILABILITY = YES_AGGRESSIVE;
				CLANG_WARN_UNREACHABLE_CODE = YES;
				CLANG_WARN__DUPLICATE_METHOD_MATCH = YES;
				COPY_PHASE_STRIP = NO;
				DEBUG_INFORMATION_FORMAT = "dwarf-with-dsym";
				ENABLE_NS_ASSERTIONS = NO;
				ENABLE_STRICT_OBJC_MSGSEND = YES;
				GCC_C_LANGUAGE_STANDARD = gnu11;
				GCC_NO_COMMON_BLOCKS = YES;
				GCC_WARN_64_TO_32_BIT_CONVERSION = YES;
				GCC_WARN_ABOUT_RETURN_TYPE = YES_ERROR;
				GCC_WARN_UNDECLARED_SELECTOR = YES;
				GCC_WARN_UNINITIALIZED_AUTOS = YES_AGGRESSIVE;
				GCC_WARN_UNUSED_FUNCTION = YES;
				GCC_WARN_UNUSED_VARIABLE = YES;
				IPHONEOS_DEPLOYMENT_TARGET = 14.5;
				MTL_ENABLE_DEBUG_INFO = NO;
				MTL_FAST_MATH = YES;
				SDKROOT = iphoneos;
				SWIFT_COMPILATION_MODE = wholemodule;
				SWIFT_OPTIMIZATION_LEVEL = "-O";
				VALIDATE_PRODUCT = YES;
			};
			name = Release;
		};
		6DF40003263C57AD00F14B8A /* Debug */ = {
			isa = XCBuildConfiguration;
			baseConfigurationReference = C7E61836F5089633A93994B2 /* Pods-CULaundry.debug.xcconfig */;
			buildSettings = {
				ASSETCATALOG_COMPILER_APPICON_NAME = AppIcon;
				ASSETCATALOG_COMPILER_GLOBAL_ACCENT_COLOR_NAME = AccentColor;
				CODE_SIGN_STYLE = Automatic;
				DEVELOPMENT_TEAM = 4QD7KX792B;
				INFOPLIST_FILE = CULaundry/Info.plist;
				LD_RUNPATH_SEARCH_PATHS = (
					"$(inherited)",
					"@executable_path/Frameworks",
				);
				PRODUCT_BUNDLE_IDENTIFIER = com.joshua.CULaundry;
				PRODUCT_NAME = "$(TARGET_NAME)";
				SWIFT_VERSION = 5.0;
				TARGETED_DEVICE_FAMILY = 1;
			};
			name = Debug;
		};
		6DF40004263C57AD00F14B8A /* Release */ = {
			isa = XCBuildConfiguration;
			baseConfigurationReference = F9C6B764BAC41D3398BA7B79 /* Pods-CULaundry.release.xcconfig */;
			buildSettings = {
				ASSETCATALOG_COMPILER_APPICON_NAME = AppIcon;
				ASSETCATALOG_COMPILER_GLOBAL_ACCENT_COLOR_NAME = AccentColor;
				CODE_SIGN_STYLE = Automatic;
				DEVELOPMENT_TEAM = 4QD7KX792B;
				INFOPLIST_FILE = CULaundry/Info.plist;
				LD_RUNPATH_SEARCH_PATHS = (
					"$(inherited)",
					"@executable_path/Frameworks",
				);
				PRODUCT_BUNDLE_IDENTIFIER = com.joshua.CULaundry;
				PRODUCT_NAME = "$(TARGET_NAME)";
				SWIFT_VERSION = 5.0;
				TARGETED_DEVICE_FAMILY = 1;
			};
			name = Release;
		};
/* End XCBuildConfiguration section */

/* Begin XCConfigurationList section */
		6DF40002263C57AD00F14B8A /* Build configuration list for PBXNativeTarget "CULaundry" */ = {
			isa = XCConfigurationList;
			buildConfigurations = (
				6DF40003263C57AD00F14B8A /* Debug */,
				6DF40004263C57AD00F14B8A /* Release */,
			);
			defaultConfigurationIsVisible = 0;
			defaultConfigurationName = Release;
		};
		6DF4FFE9263C57AB00F14B8A /* Build configuration list for PBXProject "CULaundry" */ = {
			isa = XCConfigurationList;
			buildConfigurations = (
				6DF40000263C57AD00F14B8A /* Debug */,
				6DF40001263C57AD00F14B8A /* Release */,
			);
			defaultConfigurationIsVisible = 0;
			defaultConfigurationName = Release;
		};
/* End XCConfigurationList section */
	};
	rootObject = 6DF4FFE6263C57AB00F14B8A /* Project object */;
}
